
Microsoft Visual Studio Solution File, Format Version 12.00
# Visual Studio Version 16
VisualStudioVersion = 16.0.31624.102
MinimumVisualStudioVersion = 10.0.40219.1
Project("{9A19103F-16F7-4668-BE54-9A1E7A4F7556}") = "CardManager", "CardManager\CardManager.csproj", "{806ABE33-0276-4B9F-A4AC-19D3D32514C5}"
EndProject
Project("{9A19103F-16F7-4668-BE54-9A1E7A4F7556}") = "TransactionManager", "TransactionManager\TransactionManager.csproj", "{836320CD-5CD7-43F8-9314-49E439799E1A}"
EndProject
Project("{FAE04EC0-301F-11D3-BF4B-00C04F79EFBC}") = "Validations", "Validations\Validations.csproj", "{2F947CDB-B9B1-483D-8672-093AAD53A282}"
EndProject
Project("{FAE04EC0-301F-11D3-BF4B-00C04F79EFBC}") = "Data", "Data\Data.csproj", "{743659D9-8201-4388-8BB6-04DA44043F5C}"
EndProject
Project("{2150E333-8FDC-42A3-9474-1A3956D46DE8}") = "libs", "libs", "{9C2D8EB8-6182-48BB-8E58-C64EEFA8CC70}"
EndProject
Global
	GlobalSection(SolutionConfigurationPlatforms) = preSolution
		Debug|Any CPU = Debug|Any CPU
		Release|Any CPU = Release|Any CPU
	EndGlobalSection
	GlobalSection(ProjectConfigurationPlatforms) = postSolution
		{806ABE33-0276-4B9F-A4AC-19D3D32514C5}.Debug|Any CPU.ActiveCfg = Debug|Any CPU
		{806ABE33-0276-4B9F-A4AC-19D3D32514C5}.Debug|Any CPU.Build.0 = Debug|Any CPU
		{806ABE33-0276-4B9F-A4AC-19D3D32514C5}.Release|Any CPU.ActiveCfg = Release|Any CPU
		{806ABE33-0276-4B9F-A4AC-19D3D32514C5}.Release|Any CPU.Build.0 = Release|Any CPU
		{836320CD-5CD7-43F8-9314-49E439799E1A}.Debug|Any CPU.ActiveCfg = Debug|Any CPU
		{836320CD-5CD7-43F8-9314-49E439799E1A}.Debug|Any CPU.Build.0 = Debug|Any CPU
		{836320CD-5CD7-43F8-9314-49E439799E1A}.Release|Any CPU.ActiveCfg = Release|Any CPU
		{836320CD-5CD7-43F8-9314-49E439799E1A}.Release|Any CPU.Build.0 = Release|Any CPU
		{2F947CDB-B9B1-483D-8672-093AAD53A282}.Debug|Any CPU.ActiveCfg = Debug|Any CPU
		{2F947CDB-B9B1-483D-8672-093AAD53A282}.Debug|Any CPU.Build.0 = Debug|Any CPU
		{2F947CDB-B9B1-483D-8672-093AAD53A282}.Release|Any CPU.ActiveCfg = Release|Any CPU
		{2F947CDB-B9B1-483D-8672-093AAD53A282}.Release|Any CPU.Build.0 = Release|Any CPU
		{743659D9-8201-4388-8BB6-04DA44043F5C}.Debug|Any CPU.ActiveCfg = Debug|Any CPU
		{743659D9-8201-4388-8BB6-04DA44043F5C}.Debug|Any CPU.Build.0 = Debug|Any CPU
		{743659D9-8201-4388-8BB6-04DA44043F5C}.Release|Any CPU.ActiveCfg = Release|Any CPU
		{743659D9-8201-4388-8BB6-04DA44043F5C}.Release|Any CPU.Build.0 = Release|Any CPU
	EndGlobalSection
	GlobalSection(SolutionProperties) = preSolution
		HideSolutionNode = FALSE
	EndGlobalSection
	GlobalSection(NestedProjects) = preSolution
		{2F947CDB-B9B1-483D-8672-093AAD53A282} = {9C2D8EB8-6182-48BB-8E58-C64EEFA8CC70}
		{743659D9-8201-4388-8BB6-04DA44043F5C} = {9C2D8EB8-6182-48BB-8E58-C64EEFA8CC70}
	EndGlobalSection
	GlobalSection(ExtensibilityGlobals) = postSolution
		SolutionGuid = {6842A99B-1287-44A9-A534-F74333B7AA15}
	EndGlobalSection
EndGlobal
